
Microsoft Visual Studio Solution File, Format Version 12.00
# Visual Studio Version 16
VisualStudioVersion = 16.0.29009.5
MinimumVisualStudioVersion = 10.0.40219.1
Project("{FAE04EC0-301F-11D3-BF4B-00C04F79EFBC}") = "HomeWork07.07.2019", "HomeWork07.07.2019\HomeWork07.07.2019.csproj", "{1912D730-60A0-4DB8-86DF-EF6D1A9E5E04}"
EndProject
Global
	GlobalSection(SolutionConfigurationPlatforms) = preSolution
		Debug|Any CPU = Debug|Any CPU
		Release|Any CPU = Release|Any CPU
	EndGlobalSection
	GlobalSection(ProjectConfigurationPlatforms) = postSolution
		{1912D730-60A0-4DB8-86DF-EF6D1A9E5E04}.Debug|Any CPU.ActiveCfg = Debug|Any CPU
		{1912D730-60A0-4DB8-86DF-EF6D1A9E5E04}.Debug|Any CPU.Build.0 = Debug|Any CPU
		{1912D730-60A0-4DB8-86DF-EF6D1A9E5E04}.Release|Any CPU.ActiveCfg = Release|Any CPU
		{1912D730-60A0-4DB8-86DF-EF6D1A9E5E04}.Release|Any CPU.Build.0 = Release|Any CPU
	EndGlobalSection
	GlobalSection(SolutionProperties) = preSolution
		HideSolutionNode = FALSE
	EndGlobalSection
	GlobalSection(ExtensibilityGlobals) = postSolution
		SolutionGuid = {35D81A5E-B16F-435B-A965-21C844FDA55B}
	EndGlobalSection
EndGlobal
